
Microsoft Visual Studio Solution File, Format Version 12.00
# Visual Studio Version 16
VisualStudioVersion = 16.0.29926.136
MinimumVisualStudioVersion = 10.0.40219.1
Project("{9A19103F-16F7-4668-BE54-9A1E7A4F7556}") = "Payment.Gateway.Api", "Payment.Gateway.Api\Payment.Gateway.Api.csproj", "{753676E5-005E-4036-87D3-AB4BC088000C}"
EndProject
Project("{9A19103F-16F7-4668-BE54-9A1E7A4F7556}") = "Payment.Gateway.Core", "Payment.Gateway.Core\Payment.Gateway.Core.csproj", "{6931C865-A5DB-435C-8DF0-B75B8BA75ADC}"
EndProject
Project("{FAE04EC0-301F-11D3-BF4B-00C04F79EFBC}") = "Payment.Gateway.UnitTests", "Payment.Gateway.UnitTests\Payment.Gateway.UnitTests.csproj", "{8ECD8047-B803-4AC5-8B56-687CF833A953}"
EndProject
Global
	GlobalSection(SolutionConfigurationPlatforms) = preSolution
		Debug|Any CPU = Debug|Any CPU
		Release|Any CPU = Release|Any CPU
	EndGlobalSection
	GlobalSection(ProjectConfigurationPlatforms) = postSolution
		{753676E5-005E-4036-87D3-AB4BC088000C}.Debug|Any CPU.ActiveCfg = Debug|Any CPU
		{753676E5-005E-4036-87D3-AB4BC088000C}.Debug|Any CPU.Build.0 = Debug|Any CPU
		{753676E5-005E-4036-87D3-AB4BC088000C}.Release|Any CPU.ActiveCfg = Release|Any CPU
		{753676E5-005E-4036-87D3-AB4BC088000C}.Release|Any CPU.Build.0 = Release|Any CPU
		{6931C865-A5DB-435C-8DF0-B75B8BA75ADC}.Debug|Any CPU.ActiveCfg = Debug|Any CPU
		{6931C865-A5DB-435C-8DF0-B75B8BA75ADC}.Debug|Any CPU.Build.0 = Debug|Any CPU
		{6931C865-A5DB-435C-8DF0-B75B8BA75ADC}.Release|Any CPU.ActiveCfg = Release|Any CPU
		{6931C865-A5DB-435C-8DF0-B75B8BA75ADC}.Release|Any CPU.Build.0 = Release|Any CPU
		{8ECD8047-B803-4AC5-8B56-687CF833A953}.Debug|Any CPU.ActiveCfg = Debug|Any CPU
		{8ECD8047-B803-4AC5-8B56-687CF833A953}.Debug|Any CPU.Build.0 = Debug|Any CPU
		{8ECD8047-B803-4AC5-8B56-687CF833A953}.Release|Any CPU.ActiveCfg = Release|Any CPU
		{8ECD8047-B803-4AC5-8B56-687CF833A953}.Release|Any CPU.Build.0 = Release|Any CPU
	EndGlobalSection
	GlobalSection(SolutionProperties) = preSolution
		HideSolutionNode = FALSE
	EndGlobalSection
	GlobalSection(ExtensibilityGlobals) = postSolution
		SolutionGuid = {E0AAEC27-CB4F-40BA-9527-BB9CAC485C45}
	EndGlobalSection
EndGlobal
